<Solution>
  <Folder Name="/src/">
    <Project Path="src/AboutMe.Api.csproj" />
  </Folder>
  <Folder Name="/tests/" />
  <Folder Name="/tests/integration/">
    <Project Path="tests/integration/AboutMe.Integration.Tests.csproj" />
  </Folder>
  <Folder Name="/tests/unit/">
    <Project Path="tests/unit/AboutMe.Unit.Tests.csproj" />
  </Folder>
</Solution>
