<Solution>
  <Folder Name="/src/">
    <Project Path="src/AboutMe.Api.csproj" />
  </Folder>
  <Folder Name="/tests/" />
  <Folder Name="/tests/Integration/">
    <Project Path="tests/Integration/AboutMe.Integration.Tests.csproj" />
  </Folder>
  <Folder Name="/tests/Unit/">
    <Project Path="tests/Unit/AboutMe.Unit.Tests.csproj" />
  </Folder>
</Solution>
